{
    "_readme": [
        "This file locks the dependencies of your project to a known state",
        "Read more about it at http://getcomposer.org/doc/01-basic-usage.md#composer-lock-the-lock-file"
    ],
    "hash": "a180546786dcd0991f905876c64f7ba0",
    "packages": [
        {
            "name": "commonapi/exception",
            "version": "dev-master",
            "source": {
                "type": "git",
                "url": "https://github.com/CommonApi/Exception.git",
                "reference": "71844ffbc3b8d8d317fd8ebe4eafc7306c0f426c"
            },
            "dist": {
                "type": "zip",
                "url": "https://api.github.com/repos/CommonApi/Exception/zipball/71844ffbc3b8d8d317fd8ebe4eafc7306c0f426c",
                "reference": "71844ffbc3b8d8d317fd8ebe4eafc7306c0f426c",
                "shasum": ""
            },
            "require": {
                "php": ">=5.4"
            },
            "type": "api",
            "autoload": {
                "psr-4": {
                    "CommonApi\\Exception\\": ""
                }
            },
            "notification-url": "https://packagist.org/downloads/",
            "license": [
                "MIT"
            ],
            "authors": [
                {
                    "name": "AmyStephen",
                    "email": "AmyStephen@Molajo.org",
                    "homepage": "http://Molajo.org",
                    "role": "Developer"
                }
            ],
            "description": "Common Exception Api Interface",
            "homepage": "https://github.com/CommonApi/Exception",
            "keywords": [
                "CommonApi",
                "api",
                "exception"
            ],
            "time": "2014-02-09 18:55:28"
        },
        {
            "name": "commonapi/filesystem",
            "version": "dev-master",
            "source": {
                "type": "git",
                "url": "https://github.com/CommonApi/Filesystem.git",
                "reference": "fa744a9b72db99bf3fc2e37853bc1a1e3764803e"
            },
            "dist": {
                "type": "zip",
                "url": "https://api.github.com/repos/CommonApi/Filesystem/zipball/fa744a9b72db99bf3fc2e37853bc1a1e3764803e",
                "reference": "fa744a9b72db99bf3fc2e37853bc1a1e3764803e",
                "shasum": ""
            },
            "require": {
                "commonapi/exception": ">=0.1",
                "php": ">=5.4"
            },
            "type": "api",
            "autoload": {
                "psr-4": {
                    "CommonApi\\Filesystem\\": ""
                }
            },
            "notification-url": "https://packagist.org/downloads/",
            "license": [
                "MIT"
            ],
            "authors": [
                {
                    "name": "AmyStephen",
                    "email": "AmyStephen@gmail.com",
                    "homepage": "http://Molajo.org"
                }
            ],
            "description": "Common Filesystem Api Interface",
            "homepage": "https://github.com/CommonApi/Filesystem",
            "keywords": [
                "CommonApi",
                "api",
                "filesystem"
            ],
            "time": "2014-02-09 18:55:20"
        },
        {
            "name": "commonapi/http",
            "version": "dev-master",
            "source": {
                "type": "git",
                "url": "https://github.com/CommonApi/Http.git",
                "reference": "d47791a18d876a87a68c7c4e6986919b2733fdcf"
            },
            "dist": {
                "type": "zip",
                "url": "https://api.github.com/repos/CommonApi/Http/zipball/d47791a18d876a87a68c7c4e6986919b2733fdcf",
                "reference": "d47791a18d876a87a68c7c4e6986919b2733fdcf",
                "shasum": ""
            },
            "require": {
                "commonapi/exception": ">=0.1",
                "php": ">=5.4"
            },
            "type": "api",
            "autoload": {
                "psr-4": {
                    "CommonApi\\Http\\": ""
                }
            },
            "notification-url": "https://packagist.org/downloads/",
            "license": [
                "MIT"
            ],
            "authors": [
                {
                    "name": "AmyStephen",
                    "email": "AmyStephen@Molajo.org",
                    "homepage": "http://Molajo.org",
                    "role": "Developer"
                }
            ],
            "description": "Common Http Api Interface",
            "homepage": "https://github.com/CommonApi/Http",
            "keywords": [
                "CommonApi",
                "api",
                "http"
            ],
            "time": "2014-03-27 09:36:19"
        }
    ],
    "packages-dev": [

    ],
    "aliases": [

    ],
    "minimum-stability": "dev",
    "stability-flags": {
        "commonapi/filesystem": 20,
        "commonapi/http": 20
    },
    "platform": {
        "php": ">=5.4"
    },
    "platform-dev": [

    ]
}
