{
    "_readme": [
        "This file locks the dependencies of your project to a known state",
        "Read more about it at http://getcomposer.org/doc/01-basic-usage.md#composer-lock-the-lock-file"
    ],
    "hash": "0597646772f498fa85bc21bd8422b66a",
    "packages": [
        {
            "name": "commonapi/exception",
            "version": "v0.1",
            "source": {
                "type": "git",
                "url": "https://github.com/CommonApi/Exception.git",
                "reference": "28ad30ec17ef62c90a86b87aa5ee41d37828c435"
            },
            "dist": {
                "type": "zip",
                "url": "https://api.github.com/repos/CommonApi/Exception/zipball/28ad30ec17ef62c90a86b87aa5ee41d37828c435",
                "reference": "28ad30ec17ef62c90a86b87aa5ee41d37828c435",
                "shasum": ""
            },
            "require": {
                "php": ">=5.3.10"
            },
            "type": "api",
            "autoload": {
                "psr-0": {
                    "CommonApi\\Exception\\": ""
                }
            },
            "notification-url": "https://packagist.org/downloads/",
            "license": [
                "MIT"
            ],
            "authors": [
                {
                    "name": "AmyStephen",
                    "email": "AmyStephen@gmail.com",
                    "homepage": "http://Molajo.org"
                }
            ],
            "description": "Common Exception Api Interface",
            "homepage": "https://github.com/CommonApi/Exception",
            "keywords": [
                "CommonApi",
                "api",
                "exception"
            ],
            "time": "2013-11-23 06:20:36"
        },
        {
            "name": "commonapi/filesystem",
            "version": "dev-master",
            "source": {
                "type": "git",
                "url": "https://github.com/CommonApi/Filesystem.git",
                "reference": "b9fff2c5d2416722f2302a1bd546bc798615f72b"
            },
            "dist": {
                "type": "zip",
                "url": "https://api.github.com/repos/CommonApi/Filesystem/zipball/b9fff2c5d2416722f2302a1bd546bc798615f72b",
                "reference": "b9fff2c5d2416722f2302a1bd546bc798615f72b",
                "shasum": ""
            },
            "require": {
                "commonapi/exception": ">=0.1",
                "php": ">=5.3.10"
            },
            "type": "api",
            "autoload": {
                "psr-0": {
                    "CommonApi\\Filesystem\\": ""
                }
            },
            "notification-url": "https://packagist.org/downloads/",
            "license": [
                "MIT"
            ],
            "authors": [
                {
                    "name": "AmyStephen",
                    "email": "AmyStephen@gmail.com",
                    "homepage": "http://Molajo.org"
                }
            ],
            "description": "Common Filesystem Api Interface",
            "homepage": "https://github.com/CommonApi/Filesystem",
            "keywords": [
                "CommonApi",
                "api",
                "filesystem"
            ],
            "time": "2013-11-23 06:21:42"
        },
        {
            "name": "commonapi/http",
            "version": "dev-master",
            "source": {
                "type": "git",
                "url": "https://github.com/CommonApi/Http.git",
                "reference": "650296506580fa85f9d697a08042cc63a9f52243"
            },
            "dist": {
                "type": "zip",
                "url": "https://api.github.com/repos/CommonApi/Http/zipball/650296506580fa85f9d697a08042cc63a9f52243",
                "reference": "650296506580fa85f9d697a08042cc63a9f52243",
                "shasum": ""
            },
            "require": {
                "commonapi/exception": ">=0.1",
                "php": ">=5.3.10"
            },
            "type": "api",
            "autoload": {
                "psr-0": {
                    "CommonApi\\Http\\": ""
                }
            },
            "notification-url": "https://packagist.org/downloads/",
            "license": [
                "MIT"
            ],
            "authors": [
                {
                    "name": "AmyStephen",
                    "email": "AmyStephen@Molajo.org",
                    "homepage": "http://Molajo.org",
                    "role": "Developer"
                }
            ],
            "description": "Common Http Api Interface",
            "homepage": "https://github.com/CommonApi/Http",
            "keywords": [
                "CommonApi",
                "api",
                "http"
            ],
            "time": "2013-12-01 04:55:44"
        }
    ],
    "packages-dev": [

    ],
    "aliases": [

    ],
    "minimum-stability": "stable",
    "stability-flags": {
        "commonapi/filesystem": 20,
        "commonapi/http": 20
    },
    "platform": {
        "php": ">=5.3.10"
    },
    "platform-dev": [

    ]
}
